NeoBundleLock AfterColors.vim 9936c26afbc35e6f92275e3f314a735b54ba1aaf
NeoBundleLock ConflictDetection 444a1e832af176b5dc1b06da17f24b39a7df5967
NeoBundleLock ConflictMotions 6bff6773baeec00ec7773a72b97a8e0a1415f5b5
NeoBundleLock CountJump 3ba136c845ae66a7d8e833e81c836d42789f2158
NeoBundleLock ack.vim b9ceb0f9eec504e18b67f43ab9c6ba2bd5b80c2d
NeoBundleLock afterimage 11447318221f45f6eb6195f206e2950cdbabcba4
NeoBundleLock base16-vim e711e9b1412b55fec7e8a5cff4ac5c06f9078729
NeoBundleLock bufexplorer ad2cff7615ff9e5d274d588a4263d18e5bea8949
NeoBundleLock closetag a52525b7220bb28309d1905108e9e8914fdb4112
NeoBundleLock coffee-script 32fe889b8cafd3a4921ef8e6485156453ff58c42
NeoBundleLock command-t e71f4a2e6aa85237caeeac0a5d1f03b2ad3302b0
NeoBundleLock context_filetype.vim 180af5faec359926d1259b262b5def9179cdf9ca
NeoBundleLock delimitMate 8bc47fd1c40cdad9ea1f36c0cf13592c70ea65e9
NeoBundleLock editorconfig-vim 5a3f8ac348e093125e839f6637f8cd34e10a5146
NeoBundleLock gist-vim 88c331e2e07765090112a396e5e119b39b5aa754
NeoBundleLock gitv e10a8963e0ff1387e7e764f799a5bba693a739b3
NeoBundleLock gundo e7fe41024ace9047eee610f23311d44fd9d917c0
NeoBundleLock haskell 24b7c4ceda0bb438d09e7c83caa0d70e135ab6a0
NeoBundleLock haskellmode cd852bdaa85f52854782434926a6e752f6a61c89
NeoBundleLock html5 59f2c6bb5dd0ca11175eb73cb8546ff4ac750b1c
NeoBundleLock ingo-library 558132e2221db3af26dc2f2c6756d092d48a459f
NeoBundleLock jsbeautify c73917c34028ffab6f8fe005b38823520c9999ad
NeoBundleLock lua bcbf914046684f19955f24664c1659b330fcb241
NeoBundleLock neobundle.vim 8ea71a7c3303f043a127b2d1d1a41e81dc85c132
NeoBundleLock neocomplete.vim 36b29b299e1c24917ff4f15b4941c66641019895
NeoBundleLock neomru.vim e317db0bb40fddc569a3d71d5ed3acb1df4e2da0
NeoBundleLock neosnippet-snippets ac866f64a507f8a9c7e2691d947e5eaea679e50b
NeoBundleLock neosnippet.vim a323d8255a3dcd21c960da9dcd5b973d5fc3ce65
NeoBundleLock nerdcommenter 1f4bfd59920c101a30a74a07b824608a6e65f3fe
NeoBundleLock preview 68651a387a8b44b9aaeb9d888545812f2b86c161
NeoBundleLock rust.vim 99242777d79432f894f0357410fafa455a91c351
NeoBundleLock scratch.vim 3f969e6ce68ca37c3ea66d7e4dcac1f09a2232dc
NeoBundleLock scriptease 3fa4aabaecc00a3ccec376d8e6e1af19465eefe2
NeoBundleLock sieve f34c2238db89a40f9eb7b2860ff38a844ce3129c
NeoBundleLock solarized 528a59f26d12278698bb946f8fb82a63711eec21
NeoBundleLock splice 4d322d823563f6fd2d72c129b1e99f5a98060fa8
NeoBundleLock surround 2d05440ad23f97a7874ebd9b5de3a0e65d25d85c
NeoBundleLock syntastic cc440f1b40adcdc0a5aabbc786a8d1750eefd3ee
NeoBundleLock tComment 8955e2ee67194de3b6b763b7f01e3c164411c0e6
NeoBundleLock tabular 60f25648814f0695eeb6c1040d97adca93c4e0bb
NeoBundleLock tagbar 7b36c46d17d57db34fdb0adac9ba6382d0bb5e66
NeoBundleLock toml f6f79f3cc6740dfacca73a195857cbc45e778912
NeoBundleLock unite-help 5a8dc6cf157627f8ebf16ca60dec2d4125f8008f
NeoBundleLock unite-outline 766d921e859eb54a7ac7c45c4052df7121ea6347
NeoBundleLock unite-tag cb4bc2742be4a7c5c82c5adeda504047410e1cc1
NeoBundleLock unite.vim c9ce3b13c19352e3b791db227aa373c0b028d656
NeoBundleLock vim-airline 020ee382dcf960fb5f2ec2d0ad6bc64e3e1a9fe7
NeoBundleLock vim-easymotion 799491e007515890aff363b6eac5dbc9c5aa7f80
NeoBundleLock vim-elixir 62711e50cdc655031ee05aa2ab3720a82a1aa14d
NeoBundleLock vim-expand-region 966513543de0ddc2d673b5528a056269e7917276
NeoBundleLock vim-fish 3fe6db25bf03b16e87a162172dd3f908be7d028d
NeoBundleLock vim-fugitive 9835920a3c91236021fc8c88cc4157304e24356b
NeoBundleLock vim-markdown 8a712f46753918e012a57b9badac8c0b628681d9
NeoBundleLock vim-misc 3e6b8fb6f03f13434543ce1f5d24f6a5d3f34f0b
NeoBundleLock vim-multiple-cursors 92622cfca241331fb824a95685c10277b168a6f5
NeoBundleLock vim-mustache-handlebars d1c983f3dd9a159c128c5192062caf7d47fd0f14
NeoBundleLock vim-repeat 7a6675f092842c8f81e71d5345bd7cdbf3759415
NeoBundleLock vim-signify 4f69c11c7cd7b75bb23cf7565f278af918816546
NeoBundleLock vim-sleuth a17462708aa40a7fc0afd4effa559087d8a2c908
NeoBundleLock vim-speeddating 426c792e479f6e1650a6996c683943a09344c21e
NeoBundleLock vim-swift-extra 2f1ca62bf2e7100f6191c5d75e4dc1c2e63f6d23
NeoBundleLock vim-textobj-indent deb76867c302f933c8f21753806cbf2d8461b548
NeoBundleLock vim-textobj-line 0a78169a33c7ea7718b9fa0fad63c11c04727291
NeoBundleLock vim-textobj-pastedtext 6ebbdbabf286b380b72ff7507eb485556af8033c
NeoBundleLock vim-textobj-user a3054162c09bcf732624f43ddacbd85dad09713b
NeoBundleLock vim-tmux-focus-events eccc2f54cd6f006840c20cc017ef79c4eb431cd9
NeoBundleLock vimfiler.vim f891db9796038f1e5c922f92b988b55b37458f4c
NeoBundleLock vimproc.vim aa075b9b56839e1adb08421d2e9837f90e59acad
NeoBundleLock vimshell.vim a5b3d99ba84e76cf94195c37ab762aef5f7b6e25
NeoBundleLock webapi-vim 5726e8270e2a774c7200ca79868b4128c0c57ad7
