NeoBundleLock AfterColors.vim 9936c26afbc35e6f92275e3f314a735b54ba1aaf
NeoBundleLock ConflictDetection 444a1e832af176b5dc1b06da17f24b39a7df5967
NeoBundleLock ConflictMotions 6bff6773baeec00ec7773a72b97a8e0a1415f5b5
NeoBundleLock CountJump 3ba136c845ae66a7d8e833e81c836d42789f2158
NeoBundleLock ack.vim 923507cadc0b8b73b238db67a28a7ed00194f319
NeoBundleLock afterimage 11447318221f45f6eb6195f206e2950cdbabcba4
NeoBundleLock base16-vim e711e9b1412b55fec7e8a5cff4ac5c06f9078729
NeoBundleLock bufexplorer ef7e4172944dd2d2911ccef501a0119b63c80449
NeoBundleLock closetag a52525b7220bb28309d1905108e9e8914fdb4112
NeoBundleLock coffee-script 32fe889b8cafd3a4921ef8e6485156453ff58c42
NeoBundleLock command-t f7344ebbe95c532b2ad01f19877d6d611db0193b
NeoBundleLock context_filetype.vim 663682d20bca8c65ae0f4f75ed4c463095b1b5a3
NeoBundleLock delimitMate d24ad6b301685cd3b9278420248cc780fdc8fc59
NeoBundleLock editorconfig-vim d6fa8ef1382ac87b7b56d5aa84593c318931a445
NeoBundleLock gist-vim 297c4b90511b6daf7b35c219652a56ac2f0209ee
NeoBundleLock gitv 1f12f8e8e2b9939451e8b7c74ce4f7f5bc80dd40
NeoBundleLock gundo 3975ac871565115e3769dc69c06bc88ddc1369af
NeoBundleLock haskell 24b7c4ceda0bb438d09e7c83caa0d70e135ab6a0
NeoBundleLock haskellmode cd852bdaa85f52854782434926a6e752f6a61c89
NeoBundleLock html5 40e924c9f333609e8c5b0bbf30775281e1cd9ccf
NeoBundleLock ingo-library 558132e2221db3af26dc2f2c6756d092d48a459f
NeoBundleLock jsbeautify eecd27c9b09ef64e74b42ae48bb18f189eee20c0
NeoBundleLock lua bcbf914046684f19955f24664c1659b330fcb241
NeoBundleLock neobundle.vim b17652e171cc439a6d7554b96daea76c502da3c9
NeoBundleLock neocomplete.vim 16af908181ab4f7c31a5eca4b5506cd4413766ba
NeoBundleLock neomru.vim 6e6ca0454fbe67ab01cfe9c8588546c9af156944
NeoBundleLock neosnippet-snippets 8fccc7fb96bf1c45be7405c4c10416ad10199b9e
NeoBundleLock neosnippet.vim 5faebdef65ce35501d6caac601cd871e377dfc9a
NeoBundleLock nerdcommenter 6549cfde45339bd4f711504196ff3e8b766ef5e6
NeoBundleLock preview 68651a387a8b44b9aaeb9d888545812f2b86c161
NeoBundleLock rust.vim 6932a6b742d36bdebdb6e17ac190d6b9746852c2
NeoBundleLock scratch.vim 7dca6277f0528b96a3cfebe41bd376e96ab63015
NeoBundleLock scriptease 3fa4aabaecc00a3ccec376d8e6e1af19465eefe2
NeoBundleLock sieve f34c2238db89a40f9eb7b2860ff38a844ce3129c
NeoBundleLock solarized 528a59f26d12278698bb946f8fb82a63711eec21
NeoBundleLock splice 4d322d823563f6fd2d72c129b1e99f5a98060fa8
NeoBundleLock surround 772ab9587b7d1e2c3bae75395c9123803059ba8a
NeoBundleLock syntastic 8e672780e76c0a774b7fe834eed9652ccd684c24
NeoBundleLock tComment 1a9e65e6e1b2783816b606d57184a05ef3f91339
NeoBundleLock tabular 60f25648814f0695eeb6c1040d97adca93c4e0bb
NeoBundleLock tagbar 7b36c46d17d57db34fdb0adac9ba6382d0bb5e66
NeoBundleLock toml 190a55c2dd70ff0f865d5012bd637e8e0c426418
NeoBundleLock unite-help 5a8dc6cf157627f8ebf16ca60dec2d4125f8008f
NeoBundleLock unite-outline f03cfe49dd92af8d416a04707cc30d1529bdf3ac
NeoBundleLock unite-tag 470eff827c8540bd6388db08d276089b0c6e2990
NeoBundleLock unite.vim 00564dd6d4446445e87f7885c2fc3454e9dc7d2d
NeoBundleLock vim-airline 78566c37aeb3b7609eee84a7b10114a0f512830e
NeoBundleLock vim-easymotion 30e6870ff76751db0783f39269b1783ffaf7a68f
NeoBundleLock vim-expand-region 966513543de0ddc2d673b5528a056269e7917276
NeoBundleLock vim-fish 3fe6db25bf03b16e87a162172dd3f908be7d028d
NeoBundleLock vim-fugitive 0fbbe0b3a44b807c4f9c4c5649f83d4dcb9e23f5
NeoBundleLock vim-markdown 8a712f46753918e012a57b9badac8c0b628681d9
NeoBundleLock vim-misc 3e6b8fb6f03f13434543ce1f5d24f6a5d3f34f0b
NeoBundleLock vim-multiple-cursors 3199d34f57e1e20d2dd807b31a5a72d7f7d42e96
NeoBundleLock vim-mustache-handlebars 6062b5b69de279f1c88c7ed312bfd6034504c071
NeoBundleLock vim-repeat 7a6675f092842c8f81e71d5345bd7cdbf3759415
NeoBundleLock vim-signify 0c5688cccf6cf18b9bf2150fb208745132a78945
NeoBundleLock vim-sleuth a17462708aa40a7fc0afd4effa559087d8a2c908
NeoBundleLock vim-speeddating 426c792e479f6e1650a6996c683943a09344c21e
NeoBundleLock vim-swift cdbe146bf33a9497f51528d6c65bc4fac08dde0a
NeoBundleLock vim-textobj-indent deb76867c302f933c8f21753806cbf2d8461b548
NeoBundleLock vim-textobj-line 0a78169a33c7ea7718b9fa0fad63c11c04727291
NeoBundleLock vim-textobj-pastedtext f107bcdc6ce65b96909131344bdd8664c6625852
NeoBundleLock vim-textobj-user a3054162c09bcf732624f43ddacbd85dad09713b
NeoBundleLock vimfiler.vim 70b24304e0bc46cfb2888997c08399732cf23d14
NeoBundleLock vimproc.vim a6bd6893749e3cbfb07230f4284c36b2dc2d8179
NeoBundleLock vimshell.vim e21eaa48563633e4197a1a086c645c1111b44401
NeoBundleLock webapi-vim 6d577e49aeb81b4ede280161ca1e550c9328d098
