NeoBundleLock AfterColors.vim 9936c26afbc35e6f92275e3f314a735b54ba1aaf
NeoBundleLock CamelCaseMotion f3bdefba787d3748d09d4db520403b627abac0c6
NeoBundleLock ConflictDetection 444a1e832af176b5dc1b06da17f24b39a7df5967
NeoBundleLock ConflictMotions 6bff6773baeec00ec7773a72b97a8e0a1415f5b5
NeoBundleLock CountJump 3ba136c845ae66a7d8e833e81c836d42789f2158
NeoBundleLock ack.vim 6a57bc0a5877800b5621f6ade5006e58eb582845
NeoBundleLock afterimage 11447318221f45f6eb6195f206e2950cdbabcba4
NeoBundleLock bufexplorer 3dea4bb053b39f299fb94ff193d6f5a4e5d47ee8
NeoBundleLock closetag 060109359b81b53dfad7206e23f86007d895996f
NeoBundleLock coffee-script 32fe889b8cafd3a4921ef8e6485156453ff58c42
NeoBundleLock command-t f7344ebbe95c532b2ad01f19877d6d611db0193b
NeoBundleLock context_filetype.vim 663682d20bca8c65ae0f4f75ed4c463095b1b5a3
NeoBundleLock delimitMate d24ad6b301685cd3b9278420248cc780fdc8fc59
NeoBundleLock editorconfig-vim b273e4d10603d5767c58a4bc54152492602639ae
NeoBundleLock gitv 76a30e96eeb977e9dc8a8a5cc15b7f903c420e67
NeoBundleLock gundo 3975ac871565115e3769dc69c06bc88ddc1369af
NeoBundleLock haskell 24b7c4ceda0bb438d09e7c83caa0d70e135ab6a0
NeoBundleLock haskellmode cd852bdaa85f52854782434926a6e752f6a61c89
NeoBundleLock html5 40e924c9f333609e8c5b0bbf30775281e1cd9ccf
NeoBundleLock ingo-library 558132e2221db3af26dc2f2c6756d092d48a459f
NeoBundleLock jsbeautify 63fbdb2664b1c6dac8939ad2d37304561bf75f6e
NeoBundleLock lua bcbf914046684f19955f24664c1659b330fcb241
NeoBundleLock neobundle.vim c37a56100afde3ea5b06031735bb5c8e9fc7db3e
NeoBundleLock neocomplete.vim a5d0e4bf19589b9168d6be6de3abed78ea91c8f7
NeoBundleLock neomru.vim e72bef33c7f6af3d17c9968f9ac7bb2fda2a2bde
NeoBundleLock neosnippet-snippets 1dcfdffd7e774f3634c257b8ede0173465454dac
NeoBundleLock neosnippet.vim 811176b29b1a60a164c9878f8dcbe4a680ee32e5
NeoBundleLock nerdcommenter 6549cfde45339bd4f711504196ff3e8b766ef5e6
NeoBundleLock preview 68651a387a8b44b9aaeb9d888545812f2b86c161
NeoBundleLock rust.vim 4d7c1b4ecc0523cbad7eca3a2fcd86f7735de3eb
NeoBundleLock scratch.vim ff0a8c6cee42a0efc3e8cf46da6af83e9845a455
NeoBundleLock scriptease 643bbf99e92fa925ea354cb2a388018bd138c369
NeoBundleLock sieve f34c2238db89a40f9eb7b2860ff38a844ce3129c
NeoBundleLock solarized 528a59f26d12278698bb946f8fb82a63711eec21
NeoBundleLock splice 4d322d823563f6fd2d72c129b1e99f5a98060fa8
NeoBundleLock surround 772ab9587b7d1e2c3bae75395c9123803059ba8a
NeoBundleLock syntastic 25ad02e12d1b6715eb0e46e24163476631266525
NeoBundleLock tComment 0262fdc53df2e6a24be91c10311dfaf1acd048fc
NeoBundleLock tabular 60f25648814f0695eeb6c1040d97adca93c4e0bb
NeoBundleLock tagbar 399b75256ac7333d7119d11047f6b3aff8fa2828
NeoBundleLock toml 190a55c2dd70ff0f865d5012bd637e8e0c426418
NeoBundleLock unite-outline 08e0a89494bbba2e040eebbfec894b5749c0c0e2
NeoBundleLock unite-tag ce5d535025560a8ba890f6c9e9e8e386db40a6f2
NeoBundleLock unite.vim 662f83d3789ecf320ddcb04f7023def3a8167802
NeoBundleLock vim-airline 491b3335cd20691ec2e1227faee2d04c3e176d8a
NeoBundleLock vim-easymotion 9f1c449edfce6d61c7f620e3a9c1389b7b7e334f
NeoBundleLock vim-fish 5f5acc8d6db4cd0a444b1efc73877691f2f8e52c
NeoBundleLock vim-fugitive 935a2cccd3065b1322fb2235285d42728600afdf
NeoBundleLock vim-markdown 8a712f46753918e012a57b9badac8c0b628681d9
NeoBundleLock vim-misc 3e6b8fb6f03f13434543ce1f5d24f6a5d3f34f0b
NeoBundleLock vim-multiple-cursors 5d23963be369ca9be878c6d64ed52263676f2a60
NeoBundleLock vim-mustache-handlebars 291e49908af86f2805d1a93b6a476f04906e28e1
NeoBundleLock vim-repeat 7a6675f092842c8f81e71d5345bd7cdbf3759415
NeoBundleLock vim-signify f11fd1445704ab7a2455ba0795022574418ef035
NeoBundleLock vim-speeddating 426c792e479f6e1650a6996c683943a09344c21e
NeoBundleLock vim-swift 0e7f4e2d47b7595f9ed65b3eefefbc3d17a39eec
NeoBundleLock vimfiler.vim 0a38f55f418a01e2133395210ada6051daa5e591
NeoBundleLock vimproc.vim c286dcbdfca9e0ee1a4cb90f09c3f03638112f5a
NeoBundleLock vimshell.vim 4939e10609c434becf6423b2f3876bb9c2be3464
NeoBundleLock webapi-vim a7789abffe936db56e3152e23733847f94755753
